
Microsoft Visual Studio Solution File, Format Version 12.00
# Visual Studio 15
Project("{FAE04EC0-301F-11D3-BF4B-00C04F79EFBC}") = "Ejercicio2", "Ejercicio2.csproj", "{71C1F101-9A2D-4F61-842C-85ED31A5D943}"
EndProject
Global
	GlobalSection(SolutionConfigurationPlatforms) = preSolution
		Debug|x86 = Debug|x86
		Release|x86 = Release|x86
	EndGlobalSection
	GlobalSection(ProjectConfigurationPlatforms) = postSolution
		{71C1F101-9A2D-4F61-842C-85ED31A5D943}.Debug|x86.ActiveCfg = Debug|x86
		{71C1F101-9A2D-4F61-842C-85ED31A5D943}.Debug|x86.Build.0 = Debug|x86
		{71C1F101-9A2D-4F61-842C-85ED31A5D943}.Release|x86.ActiveCfg = Release|x86
		{71C1F101-9A2D-4F61-842C-85ED31A5D943}.Release|x86.Build.0 = Release|x86
	EndGlobalSection
EndGlobal
